# This file is automatically @generated by Cargo.
# It is not intended for manual editing.
version = 3

[[package]]
name = "day-1"
version = "0.1.0"

[[package]]
name = "day-10"
version = "0.1.0"

[[package]]
name = "day-11"
version = "0.1.0"

[[package]]
name = "day-12"
version = "0.1.0"
dependencies = [
 "matches",
]

[[package]]
name = "day-13"
version = "0.1.0"

[[package]]
name = "day-14"
version = "0.1.0"

[[package]]
name = "day-15"
version = "0.1.0"

[[package]]
name = "day-16"
version = "0.1.0"

[[package]]
name = "day-17"
version = "0.1.0"

[[package]]
name = "day-18"
version = "0.1.0"

[[package]]
name = "day-19"
version = "0.1.0"

[[package]]
name = "day-2"
version = "0.1.0"

[[package]]
name = "day-20"
version = "0.1.0"

[[package]]
name = "day-21"
version = "0.1.0"

[[package]]
name = "day-22"
version = "0.1.0"

[[package]]
name = "day-23"
version = "0.1.0"

[[package]]
name = "day-24"
version = "0.1.0"

[[package]]
name = "day-25"
version = "0.1.0"

[[package]]
name = "day-3"
version = "0.1.0"

[[package]]
name = "day-4"
version = "0.1.0"

[[package]]
name = "day-5"
version = "0.1.0"

[[package]]
name = "day-6"
version = "0.1.0"

[[package]]
name = "day-7"
version = "0.1.0"

[[package]]
name = "day-8"
version = "0.1.0"
dependencies = [
 "gcd",
]

[[package]]
name = "day-9"
version = "0.1.0"

[[package]]
name = "gcd"
version = "2.3.0"
source = "registry+https://github.com/rust-lang/crates.io-index"
checksum = "1d758ba1b47b00caf47f24925c0074ecb20d6dfcffe7f6d53395c0465674841a"

[[package]]
name = "matches"
version = "0.1.10"
source = "registry+https://github.com/rust-lang/crates.io-index"
checksum = "2532096657941c2fea9c289d370a250971c689d4f143798ff67113ec042024a5"
